{
  "name": "dsh-multimedia-webui-input",
  "version": "0.2.0-rc.1",
  "lockfileVersion": 3,
  "requires": true,
  "packages": {
    "": {
      "name": "dsh-multimedia-webui-input",
      "version": "0.2.0-rc.1",
      "license": "MIT",
      "engines": {
        "node": ">=22.16.0"
      }
    }
  }
}
